// !$*UTF8*$!
{
	archiveVersion = 1;
	classes = {
	};
	objectVersion = 46;
	objects = {

/* Begin PBXBuildFile section */
		93F8184905311414AA19E7D5 /* Pods_chatapp.framework in Frameworks */ = {isa = PBXBuildFile; fileRef = 25AED438CECBE93F80F6F554 /* Pods_chatapp.framework */; };
		9F1BE0BD1F1EF73400D71A64 /* SWRevealViewController.m in Sources */ = {isa = PBXBuildFile; fileRef = 9F1BE0BB1F1EF73400D71A64 /* SWRevealViewController.m */; };
		9F1BE0C21F1EF98C00D71A64 /* ChatVC.swift in Sources */ = {isa = PBXBuildFile; fileRef = 9F1BE0C11F1EF98C00D71A64 /* ChatVC.swift */; };
		9F1BE0C41F1EF99E00D71A64 /* ChannelVC.swift in Sources */ = {isa = PBXBuildFile; fileRef = 9F1BE0C31F1EF99E00D71A64 /* ChannelVC.swift */; };
		9F1BE0C61F1EFE2A00D71A64 /* GradientView.swift in Sources */ = {isa = PBXBuildFile; fileRef = 9F1BE0C51F1EFE2A00D71A64 /* GradientView.swift */; };
		9F1BE0C91F1F051900D71A64 /* Constants.swift in Sources */ = {isa = PBXBuildFile; fileRef = 9F1BE0C81F1F051900D71A64 /* Constants.swift */; };
		9F1BE0CB1F1F09F100D71A64 /* LoginVC.swift in Sources */ = {isa = PBXBuildFile; fileRef = 9F1BE0CA1F1F09F100D71A64 /* LoginVC.swift */; };
		9F1BE0CD1F1F0B3600D71A64 /* CreateAccountVC.swift in Sources */ = {isa = PBXBuildFile; fileRef = 9F1BE0CC1F1F0B3600D71A64 /* CreateAccountVC.swift */; };
		9F1BE0D01F1F5DEA00D71A64 /* AuthService.swift in Sources */ = {isa = PBXBuildFile; fileRef = 9F1BE0CF1F1F5DEA00D71A64 /* AuthService.swift */; };
		9F1BE0D21F20352800D71A64 /* RoundedButton.swift in Sources */ = {isa = PBXBuildFile; fileRef = 9F1BE0D11F20352800D71A64 /* RoundedButton.swift */; };
		9F1BE0D41F20419200D71A64 /* UserDataService.swift in Sources */ = {isa = PBXBuildFile; fileRef = 9F1BE0D31F20419200D71A64 /* UserDataService.swift */; };
		9F9417431F255CBA00C9DDD8 /* CircleImage.swift in Sources */ = {isa = PBXBuildFile; fileRef = 9F9417421F255CBA00C9DDD8 /* CircleImage.swift */; };
		9F9417461F257E2000C9DDD8 /* ProfileVC.swift in Sources */ = {isa = PBXBuildFile; fileRef = 9F9417441F257E2000C9DDD8 /* ProfileVC.swift */; };
		9F9417471F257E2000C9DDD8 /* ProfileVC.xib in Resources */ = {isa = PBXBuildFile; fileRef = 9F9417451F257E2000C9DDD8 /* ProfileVC.xib */; };
		9FD8800E1F1EDD910045A67E /* AppDelegate.swift in Sources */ = {isa = PBXBuildFile; fileRef = 9FD8800D1F1EDD910045A67E /* AppDelegate.swift */; };
		9FD880101F1EDD910045A67E /* ViewController.swift in Sources */ = {isa = PBXBuildFile; fileRef = 9FD8800F1F1EDD910045A67E /* ViewController.swift */; };
		9FD880131F1EDD910045A67E /* Main.storyboard in Resources */ = {isa = PBXBuildFile; fileRef = 9FD880111F1EDD910045A67E /* Main.storyboard */; };
		9FD880181F1EDD910045A67E /* LaunchScreen.storyboard in Resources */ = {isa = PBXBuildFile; fileRef = 9FD880161F1EDD910045A67E /* LaunchScreen.storyboard */; };
		9FD880201F1EDF700045A67E /* Assets.xcassets in Resources */ = {isa = PBXBuildFile; fileRef = 9FD8801F1F1EDF700045A67E /* Assets.xcassets */; };
		9FE14FBB1F2168BE00F3FE09 /* AvatarPickerVC.swift in Sources */ = {isa = PBXBuildFile; fileRef = 9FE14FBA1F2168BE00F3FE09 /* AvatarPickerVC.swift */; };
		9FE14FBD1F2169AB00F3FE09 /* AvatarCell.swift in Sources */ = {isa = PBXBuildFile; fileRef = 9FE14FBC1F2169AB00F3FE09 /* AvatarCell.swift */; };
/* End PBXBuildFile section */

/* Begin PBXFileReference section */
		042853B5F78B513445D78BA8 /* Pods-chatapp.release.xcconfig */ = {isa = PBXFileReference; includeInIndex = 1; lastKnownFileType = text.xcconfig; name = "Pods-chatapp.release.xcconfig"; path = "Pods/Target Support Files/Pods-chatapp/Pods-chatapp.release.xcconfig"; sourceTree = "<group>"; };
		25AED438CECBE93F80F6F554 /* Pods_chatapp.framework */ = {isa = PBXFileReference; explicitFileType = wrapper.framework; includeInIndex = 0; path = Pods_chatapp.framework; sourceTree = BUILT_PRODUCTS_DIR; };
		9F1BE0B91F1EF73300D71A64 /* chatapp-Bridging-Header.h */ = {isa = PBXFileReference; lastKnownFileType = sourcecode.c.h; path = "chatapp-Bridging-Header.h"; sourceTree = "<group>"; };
		9F1BE0BA1F1EF73400D71A64 /* SWRevealViewController.h */ = {isa = PBXFileReference; fileEncoding = 4; lastKnownFileType = sourcecode.c.h; name = SWRevealViewController.h; path = "../../../../../Downloads/team-devslopes-app-smack-fe494f15fe51/Smack/Supporting Files/SWRevealViewController.h"; sourceTree = "<group>"; };
		9F1BE0BB1F1EF73400D71A64 /* SWRevealViewController.m */ = {isa = PBXFileReference; fileEncoding = 4; lastKnownFileType = sourcecode.c.objc; name = SWRevealViewController.m; path = "../../../../../Downloads/team-devslopes-app-smack-fe494f15fe51/Smack/Supporting Files/SWRevealViewController.m"; sourceTree = "<group>"; };
		9F1BE0C11F1EF98C00D71A64 /* ChatVC.swift */ = {isa = PBXFileReference; lastKnownFileType = sourcecode.swift; path = ChatVC.swift; sourceTree = "<group>"; };
		9F1BE0C31F1EF99E00D71A64 /* ChannelVC.swift */ = {isa = PBXFileReference; lastKnownFileType = sourcecode.swift; path = ChannelVC.swift; sourceTree = "<group>"; };
		9F1BE0C51F1EFE2A00D71A64 /* GradientView.swift */ = {isa = PBXFileReference; lastKnownFileType = sourcecode.swift; path = GradientView.swift; sourceTree = "<group>"; };
		9F1BE0C81F1F051900D71A64 /* Constants.swift */ = {isa = PBXFileReference; lastKnownFileType = sourcecode.swift; path = Constants.swift; sourceTree = "<group>"; };
		9F1BE0CA1F1F09F100D71A64 /* LoginVC.swift */ = {isa = PBXFileReference; lastKnownFileType = sourcecode.swift; path = LoginVC.swift; sourceTree = "<group>"; };
		9F1BE0CC1F1F0B3600D71A64 /* CreateAccountVC.swift */ = {isa = PBXFileReference; lastKnownFileType = sourcecode.swift; path = CreateAccountVC.swift; sourceTree = "<group>"; };
		9F1BE0CF1F1F5DEA00D71A64 /* AuthService.swift */ = {isa = PBXFileReference; lastKnownFileType = sourcecode.swift; path = AuthService.swift; sourceTree = "<group>"; };
		9F1BE0D11F20352800D71A64 /* RoundedButton.swift */ = {isa = PBXFileReference; lastKnownFileType = sourcecode.swift; path = RoundedButton.swift; sourceTree = "<group>"; };
		9F1BE0D31F20419200D71A64 /* UserDataService.swift */ = {isa = PBXFileReference; lastKnownFileType = sourcecode.swift; path = UserDataService.swift; sourceTree = "<group>"; };
		9F9417421F255CBA00C9DDD8 /* CircleImage.swift */ = {isa = PBXFileReference; lastKnownFileType = sourcecode.swift; path = CircleImage.swift; sourceTree = "<group>"; };
		9F9417441F257E2000C9DDD8 /* ProfileVC.swift */ = {isa = PBXFileReference; lastKnownFileType = sourcecode.swift; path = ProfileVC.swift; sourceTree = "<group>"; };
		9F9417451F257E2000C9DDD8 /* ProfileVC.xib */ = {isa = PBXFileReference; lastKnownFileType = file.xib; path = ProfileVC.xib; sourceTree = "<group>"; };
		9FD8800A1F1EDD910045A67E /* chatapp.app */ = {isa = PBXFileReference; explicitFileType = wrapper.application; includeInIndex = 0; path = chatapp.app; sourceTree = BUILT_PRODUCTS_DIR; };
		9FD8800D1F1EDD910045A67E /* AppDelegate.swift */ = {isa = PBXFileReference; lastKnownFileType = sourcecode.swift; path = AppDelegate.swift; sourceTree = "<group>"; };
		9FD8800F1F1EDD910045A67E /* ViewController.swift */ = {isa = PBXFileReference; lastKnownFileType = sourcecode.swift; path = ViewController.swift; sourceTree = "<group>"; };
		9FD880121F1EDD910045A67E /* Base */ = {isa = PBXFileReference; lastKnownFileType = file.storyboard; name = Base; path = Base.lproj/Main.storyboard; sourceTree = "<group>"; };
		9FD880171F1EDD910045A67E /* Base */ = {isa = PBXFileReference; lastKnownFileType = file.storyboard; name = Base; path = Base.lproj/LaunchScreen.storyboard; sourceTree = "<group>"; };
		9FD880191F1EDD910045A67E /* Info.plist */ = {isa = PBXFileReference; lastKnownFileType = text.plist.xml; path = Info.plist; sourceTree = "<group>"; };
		9FD8801F1F1EDF700045A67E /* Assets.xcassets */ = {isa = PBXFileReference; lastKnownFileType = folder.assetcatalog; path = Assets.xcassets; sourceTree = "<group>"; };
		9FE14FBA1F2168BE00F3FE09 /* AvatarPickerVC.swift */ = {isa = PBXFileReference; lastKnownFileType = sourcecode.swift; path = AvatarPickerVC.swift; sourceTree = "<group>"; };
		9FE14FBC1F2169AB00F3FE09 /* AvatarCell.swift */ = {isa = PBXFileReference; lastKnownFileType = sourcecode.swift; path = AvatarCell.swift; sourceTree = "<group>"; };
		B98652C797C0689751E3EB3F /* Pods-chatapp.debug.xcconfig */ = {isa = PBXFileReference; includeInIndex = 1; lastKnownFileType = text.xcconfig; name = "Pods-chatapp.debug.xcconfig"; path = "Pods/Target Support Files/Pods-chatapp/Pods-chatapp.debug.xcconfig"; sourceTree = "<group>"; };
/* End PBXFileReference section */

/* Begin PBXFrameworksBuildPhase section */
		9FD880071F1EDD910045A67E /* Frameworks */ = {
			isa = PBXFrameworksBuildPhase;
			buildActionMask = 2147483647;
			files = (
				93F8184905311414AA19E7D5 /* Pods_chatapp.framework in Frameworks */,
			);
			runOnlyForDeploymentPostprocessing = 0;
		};
/* End PBXFrameworksBuildPhase section */

/* Begin PBXGroup section */
		8E2D63C691944C83F9D9210D /* Frameworks */ = {
			isa = PBXGroup;
			children = (
				25AED438CECBE93F80F6F554 /* Pods_chatapp.framework */,
			);
			name = Frameworks;
			sourceTree = "<group>";
		};
		9F1BE0B81F1EF71F00D71A64 /* Supporting Files */ = {
			isa = PBXGroup;
			children = (
				9F1BE0BA1F1EF73400D71A64 /* SWRevealViewController.h */,
				9F1BE0BB1F1EF73400D71A64 /* SWRevealViewController.m */,
				9F1BE0B91F1EF73300D71A64 /* chatapp-Bridging-Header.h */,
			);
			path = "Supporting Files";
			sourceTree = "<group>";
		};
		9F1BE0BE1F1EF94F00D71A64 /* Controller */ = {
			isa = PBXGroup;
			children = (
				9F1BE0C11F1EF98C00D71A64 /* ChatVC.swift */,
				9F1BE0C31F1EF99E00D71A64 /* ChannelVC.swift */,
				9F1BE0CA1F1F09F100D71A64 /* LoginVC.swift */,
				9F1BE0CC1F1F0B3600D71A64 /* CreateAccountVC.swift */,
				9FE14FBA1F2168BE00F3FE09 /* AvatarPickerVC.swift */,
				9F9417441F257E2000C9DDD8 /* ProfileVC.swift */,
			);
			path = Controller;
			sourceTree = "<group>";
		};
		9F1BE0BF1F1EF95500D71A64 /* View */ = {
			isa = PBXGroup;
			children = (
				9F1BE0C51F1EFE2A00D71A64 /* GradientView.swift */,
				9F9417421F255CBA00C9DDD8 /* CircleImage.swift */,
				9F1BE0D11F20352800D71A64 /* RoundedButton.swift */,
				9FE14FBC1F2169AB00F3FE09 /* AvatarCell.swift */,
			);
			path = View;
			sourceTree = "<group>";
		};
		9F1BE0C01F1EF95900D71A64 /* Model */ = {
			isa = PBXGroup;
			children = (
			);
			path = Model;
			sourceTree = "<group>";
		};
		9F1BE0C71F1F050D00D71A64 /* Utilities */ = {
			isa = PBXGroup;
			children = (
				9F1BE0C81F1F051900D71A64 /* Constants.swift */,
			);
			path = Utilities;
			sourceTree = "<group>";
		};
		9F1BE0CE1F1F5DDC00D71A64 /* AuthServices */ = {
			isa = PBXGroup;
			children = (
				9F1BE0CF1F1F5DEA00D71A64 /* AuthService.swift */,
				9F1BE0D31F20419200D71A64 /* UserDataService.swift */,
			);
			path = AuthServices;
			sourceTree = "<group>";
		};
		9F9417481F257E2A00C9DDD8 /* XIBS */ = {
			isa = PBXGroup;
			children = (
				9F9417451F257E2000C9DDD8 /* ProfileVC.xib */,
			);
			path = XIBS;
			sourceTree = "<group>";
		};
		9FD880011F1EDD910045A67E = {
			isa = PBXGroup;
			children = (
				9FD8800C1F1EDD910045A67E /* chatapp */,
				9FD8800B1F1EDD910045A67E /* Products */,
				F8227DAEBDBE3FA12067AE51 /* Pods */,
				8E2D63C691944C83F9D9210D /* Frameworks */,
			);
			sourceTree = "<group>";
		};
		9FD8800B1F1EDD910045A67E /* Products */ = {
			isa = PBXGroup;
			children = (
				9FD8800A1F1EDD910045A67E /* chatapp.app */,
			);
			name = Products;
			sourceTree = "<group>";
		};
		9FD8800C1F1EDD910045A67E /* chatapp */ = {
			isa = PBXGroup;
			children = (
				9F9417481F257E2A00C9DDD8 /* XIBS */,
				9F1BE0CE1F1F5DDC00D71A64 /* AuthServices */,
				9F1BE0C71F1F050D00D71A64 /* Utilities */,
				9F1BE0C01F1EF95900D71A64 /* Model */,
				9F1BE0BF1F1EF95500D71A64 /* View */,
				9F1BE0BE1F1EF94F00D71A64 /* Controller */,
				9F1BE0B81F1EF71F00D71A64 /* Supporting Files */,
				9FD8800D1F1EDD910045A67E /* AppDelegate.swift */,
				9FD8800F1F1EDD910045A67E /* ViewController.swift */,
				9FD880111F1EDD910045A67E /* Main.storyboard */,
				9FD8801F1F1EDF700045A67E /* Assets.xcassets */,
				9FD880161F1EDD910045A67E /* LaunchScreen.storyboard */,
				9FD880191F1EDD910045A67E /* Info.plist */,
			);
			path = chatapp;
			sourceTree = "<group>";
		};
		F8227DAEBDBE3FA12067AE51 /* Pods */ = {
			isa = PBXGroup;
			children = (
				B98652C797C0689751E3EB3F /* Pods-chatapp.debug.xcconfig */,
				042853B5F78B513445D78BA8 /* Pods-chatapp.release.xcconfig */,
			);
			name = Pods;
			sourceTree = "<group>";
		};
/* End PBXGroup section */

/* Begin PBXNativeTarget section */
		9FD880091F1EDD910045A67E /* chatapp */ = {
			isa = PBXNativeTarget;
			buildConfigurationList = 9FD8801C1F1EDD910045A67E /* Build configuration list for PBXNativeTarget "chatapp" */;
			buildPhases = (
				97FE35E4CCBC770AB35ABCDF /* [CP] Check Pods Manifest.lock */,
				9FD880061F1EDD910045A67E /* Sources */,
				9FD880071F1EDD910045A67E /* Frameworks */,
				9FD880081F1EDD910045A67E /* Resources */,
				7CB2E35EF3A8156082ADECEC /* [CP] Embed Pods Frameworks */,
				E0581C0E86FD8E0C31A97C5B /* [CP] Copy Pods Resources */,
			);
			buildRules = (
			);
			dependencies = (
			);
			name = chatapp;
			productName = chatapp;
			productReference = 9FD8800A1F1EDD910045A67E /* chatapp.app */;
			productType = "com.apple.product-type.application";
		};
/* End PBXNativeTarget section */

/* Begin PBXProject section */
		9FD880021F1EDD910045A67E /* Project object */ = {
			isa = PBXProject;
			attributes = {
				LastSwiftUpdateCheck = 0830;
				LastUpgradeCheck = 0830;
				ORGANIZATIONNAME = "Javid Poornasir";
				TargetAttributes = {
					9FD880091F1EDD910045A67E = {
						CreatedOnToolsVersion = 8.3.3;
						DevelopmentTeam = VWFZU9229C;
						LastSwiftMigration = 0900;
						ProvisioningStyle = Automatic;
					};
				};
			};
			buildConfigurationList = 9FD880051F1EDD910045A67E /* Build configuration list for PBXProject "chatapp" */;
			compatibilityVersion = "Xcode 3.2";
			developmentRegion = English;
			hasScannedForEncodings = 0;
			knownRegions = (
				en,
				Base,
			);
			mainGroup = 9FD880011F1EDD910045A67E;
			productRefGroup = 9FD8800B1F1EDD910045A67E /* Products */;
			projectDirPath = "";
			projectRoot = "";
			targets = (
				9FD880091F1EDD910045A67E /* chatapp */,
			);
		};
/* End PBXProject section */

/* Begin PBXResourcesBuildPhase section */
		9FD880081F1EDD910045A67E /* Resources */ = {
			isa = PBXResourcesBuildPhase;
			buildActionMask = 2147483647;
			files = (
				9F9417471F257E2000C9DDD8 /* ProfileVC.xib in Resources */,
				9FD880181F1EDD910045A67E /* LaunchScreen.storyboard in Resources */,
				9FD880201F1EDF700045A67E /* Assets.xcassets in Resources */,
				9FD880131F1EDD910045A67E /* Main.storyboard in Resources */,
			);
			runOnlyForDeploymentPostprocessing = 0;
		};
/* End PBXResourcesBuildPhase section */

/* Begin PBXShellScriptBuildPhase section */
		7CB2E35EF3A8156082ADECEC /* [CP] Embed Pods Frameworks */ = {
			isa = PBXShellScriptBuildPhase;
			buildActionMask = 2147483647;
			files = (
			);
			inputPaths = (
			);
			name = "[CP] Embed Pods Frameworks";
			outputPaths = (
			);
			runOnlyForDeploymentPostprocessing = 0;
			shellPath = /bin/sh;
			shellScript = "\"${SRCROOT}/Pods/Target Support Files/Pods-chatapp/Pods-chatapp-frameworks.sh\"\n";
			showEnvVarsInLog = 0;
		};
		97FE35E4CCBC770AB35ABCDF /* [CP] Check Pods Manifest.lock */ = {
			isa = PBXShellScriptBuildPhase;
			buildActionMask = 2147483647;
			files = (
			);
			inputPaths = (
			);
			name = "[CP] Check Pods Manifest.lock";
			outputPaths = (
			);
			runOnlyForDeploymentPostprocessing = 0;
			shellPath = /bin/sh;
			shellScript = "diff \"${PODS_PODFILE_DIR_PATH}/Podfile.lock\" \"${PODS_ROOT}/Manifest.lock\" > /dev/null\nif [ $? != 0 ] ; then\n    # print error to STDERR\n    echo \"error: The sandbox is not in sync with the Podfile.lock. Run 'pod install' or update your CocoaPods installation.\" >&2\n    exit 1\nfi\n";
			showEnvVarsInLog = 0;
		};
		E0581C0E86FD8E0C31A97C5B /* [CP] Copy Pods Resources */ = {
			isa = PBXShellScriptBuildPhase;
			buildActionMask = 2147483647;
			files = (
			);
			inputPaths = (
			);
			name = "[CP] Copy Pods Resources";
			outputPaths = (
			);
			runOnlyForDeploymentPostprocessing = 0;
			shellPath = /bin/sh;
			shellScript = "\"${SRCROOT}/Pods/Target Support Files/Pods-chatapp/Pods-chatapp-resources.sh\"\n";
			showEnvVarsInLog = 0;
		};
/* End PBXShellScriptBuildPhase section */

/* Begin PBXSourcesBuildPhase section */
		9FD880061F1EDD910045A67E /* Sources */ = {
			isa = PBXSourcesBuildPhase;
			buildActionMask = 2147483647;
			files = (
				9F1BE0C21F1EF98C00D71A64 /* ChatVC.swift in Sources */,
				9F1BE0C41F1EF99E00D71A64 /* ChannelVC.swift in Sources */,
				9FE14FBD1F2169AB00F3FE09 /* AvatarCell.swift in Sources */,
				9F1BE0CB1F1F09F100D71A64 /* LoginVC.swift in Sources */,
				9F9417461F257E2000C9DDD8 /* ProfileVC.swift in Sources */,
				9F1BE0C61F1EFE2A00D71A64 /* GradientView.swift in Sources */,
				9FD880101F1EDD910045A67E /* ViewController.swift in Sources */,
				9F1BE0CD1F1F0B3600D71A64 /* CreateAccountVC.swift in Sources */,
				9F1BE0D41F20419200D71A64 /* UserDataService.swift in Sources */,
				9F1BE0D21F20352800D71A64 /* RoundedButton.swift in Sources */,
				9F1BE0C91F1F051900D71A64 /* Constants.swift in Sources */,
				9F1BE0D01F1F5DEA00D71A64 /* AuthService.swift in Sources */,
				9FD8800E1F1EDD910045A67E /* AppDelegate.swift in Sources */,
				9F1BE0BD1F1EF73400D71A64 /* SWRevealViewController.m in Sources */,
				9FE14FBB1F2168BE00F3FE09 /* AvatarPickerVC.swift in Sources */,
				9F9417431F255CBA00C9DDD8 /* CircleImage.swift in Sources */,
			);
			runOnlyForDeploymentPostprocessing = 0;
		};
/* End PBXSourcesBuildPhase section */

/* Begin PBXVariantGroup section */
		9FD880111F1EDD910045A67E /* Main.storyboard */ = {
			isa = PBXVariantGroup;
			children = (
				9FD880121F1EDD910045A67E /* Base */,
			);
			name = Main.storyboard;
			sourceTree = "<group>";
		};
		9FD880161F1EDD910045A67E /* LaunchScreen.storyboard */ = {
			isa = PBXVariantGroup;
			children = (
				9FD880171F1EDD910045A67E /* Base */,
			);
			name = LaunchScreen.storyboard;
			sourceTree = "<group>";
		};
/* End PBXVariantGroup section */

/* Begin XCBuildConfiguration section */
		9FD8801A1F1EDD910045A67E /* Debug */ = {
			isa = XCBuildConfiguration;
			buildSettings = {
				ALWAYS_SEARCH_USER_PATHS = NO;
				CLANG_ANALYZER_NONNULL = YES;
				CLANG_ANALYZER_NUMBER_OBJECT_CONVERSION = YES_AGGRESSIVE;
				CLANG_CXX_LANGUAGE_STANDARD = "gnu++0x";
				CLANG_CXX_LIBRARY = "libc++";
				CLANG_ENABLE_MODULES = YES;
				CLANG_ENABLE_OBJC_ARC = YES;
				CLANG_WARN_BOOL_CONVERSION = YES;
				CLANG_WARN_CONSTANT_CONVERSION = YES;
				CLANG_WARN_DIRECT_OBJC_ISA_USAGE = YES_ERROR;
				CLANG_WARN_DOCUMENTATION_COMMENTS = YES;
				CLANG_WARN_EMPTY_BODY = YES;
				CLANG_WARN_ENUM_CONVERSION = YES;
				CLANG_WARN_INFINITE_RECURSION = YES;
				CLANG_WARN_INT_CONVERSION = YES;
				CLANG_WARN_OBJC_ROOT_CLASS = YES_ERROR;
				CLANG_WARN_SUSPICIOUS_MOVE = YES;
				CLANG_WARN_UNREACHABLE_CODE = YES;
				CLANG_WARN__DUPLICATE_METHOD_MATCH = YES;
				"CODE_SIGN_IDENTITY[sdk=iphoneos*]" = "iPhone Developer";
				COPY_PHASE_STRIP = NO;
				DEBUG_INFORMATION_FORMAT = dwarf;
				ENABLE_STRICT_OBJC_MSGSEND = YES;
				ENABLE_TESTABILITY = YES;
				GCC_C_LANGUAGE_STANDARD = gnu99;
				GCC_DYNAMIC_NO_PIC = NO;
				GCC_NO_COMMON_BLOCKS = YES;
				GCC_OPTIMIZATION_LEVEL = 0;
				GCC_PREPROCESSOR_DEFINITIONS = (
					"DEBUG=1",
					"$(inherited)",
				);
				GCC_WARN_64_TO_32_BIT_CONVERSION = YES;
				GCC_WARN_ABOUT_RETURN_TYPE = YES_ERROR;
				GCC_WARN_UNDECLARED_SELECTOR = YES;
				GCC_WARN_UNINITIALIZED_AUTOS = YES_AGGRESSIVE;
				GCC_WARN_UNUSED_FUNCTION = YES;
				GCC_WARN_UNUSED_VARIABLE = YES;
				IPHONEOS_DEPLOYMENT_TARGET = 10.3;
				MTL_ENABLE_DEBUG_INFO = YES;
				ONLY_ACTIVE_ARCH = YES;
				SDKROOT = iphoneos;
				SWIFT_ACTIVE_COMPILATION_CONDITIONS = DEBUG;
				SWIFT_OPTIMIZATION_LEVEL = "-Onone";
				TARGETED_DEVICE_FAMILY = "1,2";
			};
			name = Debug;
		};
		9FD8801B1F1EDD910045A67E /* Release */ = {
			isa = XCBuildConfiguration;
			buildSettings = {
				ALWAYS_SEARCH_USER_PATHS = NO;
				CLANG_ANALYZER_NONNULL = YES;
				CLANG_ANALYZER_NUMBER_OBJECT_CONVERSION = YES_AGGRESSIVE;
				CLANG_CXX_LANGUAGE_STANDARD = "gnu++0x";
				CLANG_CXX_LIBRARY = "libc++";
				CLANG_ENABLE_MODULES = YES;
				CLANG_ENABLE_OBJC_ARC = YES;
				CLANG_WARN_BOOL_CONVERSION = YES;
				CLANG_WARN_CONSTANT_CONVERSION = YES;
				CLANG_WARN_DIRECT_OBJC_ISA_USAGE = YES_ERROR;
				CLANG_WARN_DOCUMENTATION_COMMENTS = YES;
				CLANG_WARN_EMPTY_BODY = YES;
				CLANG_WARN_ENUM_CONVERSION = YES;
				CLANG_WARN_INFINITE_RECURSION = YES;
				CLANG_WARN_INT_CONVERSION = YES;
				CLANG_WARN_OBJC_ROOT_CLASS = YES_ERROR;
				CLANG_WARN_SUSPICIOUS_MOVE = YES;
				CLANG_WARN_UNREACHABLE_CODE = YES;
				CLANG_WARN__DUPLICATE_METHOD_MATCH = YES;
				"CODE_SIGN_IDENTITY[sdk=iphoneos*]" = "iPhone Developer";
				COPY_PHASE_STRIP = NO;
				DEBUG_INFORMATION_FORMAT = "dwarf-with-dsym";
				ENABLE_NS_ASSERTIONS = NO;
				ENABLE_STRICT_OBJC_MSGSEND = YES;
				GCC_C_LANGUAGE_STANDARD = gnu99;
				GCC_NO_COMMON_BLOCKS = YES;
				GCC_WARN_64_TO_32_BIT_CONVERSION = YES;
				GCC_WARN_ABOUT_RETURN_TYPE = YES_ERROR;
				GCC_WARN_UNDECLARED_SELECTOR = YES;
				GCC_WARN_UNINITIALIZED_AUTOS = YES_AGGRESSIVE;
				GCC_WARN_UNUSED_FUNCTION = YES;
				GCC_WARN_UNUSED_VARIABLE = YES;
				IPHONEOS_DEPLOYMENT_TARGET = 10.3;
				MTL_ENABLE_DEBUG_INFO = NO;
				SDKROOT = iphoneos;
				SWIFT_OPTIMIZATION_LEVEL = "-Owholemodule";
				TARGETED_DEVICE_FAMILY = "1,2";
				VALIDATE_PRODUCT = YES;
			};
			name = Release;
		};
		9FD8801D1F1EDD910045A67E /* Debug */ = {
			isa = XCBuildConfiguration;
			baseConfigurationReference = B98652C797C0689751E3EB3F /* Pods-chatapp.debug.xcconfig */;
			buildSettings = {
				ASSETCATALOG_COMPILER_APPICON_NAME = AppIcon;
				CLANG_ENABLE_MODULES = YES;
				DEVELOPMENT_TEAM = VWFZU9229C;
				INFOPLIST_FILE = chatapp/Info.plist;
				LD_RUNPATH_SEARCH_PATHS = "$(inherited) @executable_path/Frameworks";
				PRODUCT_BUNDLE_IDENTIFIER = com.cleandev.chatapp;
				PRODUCT_NAME = "$(TARGET_NAME)";
				SWIFT_OBJC_BRIDGING_HEADER = "chatapp/Supporting Files/chatapp-Bridging-Header.h";
				SWIFT_OPTIMIZATION_LEVEL = "-Onone";
				SWIFT_VERSION = 4.0;
			};
			name = Debug;
		};
		9FD8801E1F1EDD910045A67E /* Release */ = {
			isa = XCBuildConfiguration;
			baseConfigurationReference = 042853B5F78B513445D78BA8 /* Pods-chatapp.release.xcconfig */;
			buildSettings = {
				ASSETCATALOG_COMPILER_APPICON_NAME = AppIcon;
				CLANG_ENABLE_MODULES = YES;
				DEVELOPMENT_TEAM = VWFZU9229C;
				INFOPLIST_FILE = chatapp/Info.plist;
				LD_RUNPATH_SEARCH_PATHS = "$(inherited) @executable_path/Frameworks";
				PRODUCT_BUNDLE_IDENTIFIER = com.cleandev.chatapp;
				PRODUCT_NAME = "$(TARGET_NAME)";
				SWIFT_OBJC_BRIDGING_HEADER = "chatapp/Supporting Files/chatapp-Bridging-Header.h";
				SWIFT_VERSION = 4.0;
			};
			name = Release;
		};
/* End XCBuildConfiguration section */

/* Begin XCConfigurationList section */
		9FD880051F1EDD910045A67E /* Build configuration list for PBXProject "chatapp" */ = {
			isa = XCConfigurationList;
			buildConfigurations = (
				9FD8801A1F1EDD910045A67E /* Debug */,
				9FD8801B1F1EDD910045A67E /* Release */,
			);
			defaultConfigurationIsVisible = 0;
			defaultConfigurationName = Release;
		};
		9FD8801C1F1EDD910045A67E /* Build configuration list for PBXNativeTarget "chatapp" */ = {
			isa = XCConfigurationList;
			buildConfigurations = (
				9FD8801D1F1EDD910045A67E /* Debug */,
				9FD8801E1F1EDD910045A67E /* Release */,
			);
			defaultConfigurationIsVisible = 0;
			defaultConfigurationName = Release;
		};
/* End XCConfigurationList section */
	};
	rootObject = 9FD880021F1EDD910045A67E /* Project object */;
}
